// !$*UTF8*$!
{
	archiveVersion = 1;
	classes = {
	};
	objectVersion = 46;
	objects = {

/* Begin PBXBuildFile section */
		273A66081A69C5F100A4DCAA /* AppDelegate.swift in Sources */ = {isa = PBXBuildFile; fileRef = 273A66071A69C5F100A4DCAA /* AppDelegate.swift */; };
		273A660A1A69C5F100A4DCAA /* Images.xcassets in Resources */ = {isa = PBXBuildFile; fileRef = 273A66091A69C5F100A4DCAA /* Images.xcassets */; };
		273A660D1A69C5F100A4DCAA /* MainMenu.xib in Resources */ = {isa = PBXBuildFile; fileRef = 273A660B1A69C5F100A4DCAA /* MainMenu.xib */; };
		273A66191A69C5F100A4DCAA /* hatcheryAppTests.swift in Sources */ = {isa = PBXBuildFile; fileRef = 273A66181A69C5F100A4DCAA /* hatcheryAppTests.swift */; };
		273A66241A69C8A000A4DCAA /* hatched.png in Resources */ = {isa = PBXBuildFile; fileRef = 273A66221A69C8A000A4DCAA /* hatched.png */; };
		273A66251A69C8A000A4DCAA /* hatched32.png in Resources */ = {isa = PBXBuildFile; fileRef = 273A66231A69C8A000A4DCAA /* hatched32.png */; };
/* End PBXBuildFile section */

/* Begin PBXContainerItemProxy section */
		273A66131A69C5F100A4DCAA /* PBXContainerItemProxy */ = {
			isa = PBXContainerItemProxy;
			containerPortal = 273A65FA1A69C5F000A4DCAA /* Project object */;
			proxyType = 1;
			remoteGlobalIDString = 273A66011A69C5F000A4DCAA;
			remoteInfo = hatcheryApp;
		};
/* End PBXContainerItemProxy section */

/* Begin PBXFileReference section */
		273A66021A69C5F000A4DCAA /* hatcheryApp.app */ = {isa = PBXFileReference; explicitFileType = wrapper.application; includeInIndex = 0; path = hatcheryApp.app; sourceTree = BUILT_PRODUCTS_DIR; };
		273A66061A69C5F100A4DCAA /* Info.plist */ = {isa = PBXFileReference; lastKnownFileType = text.plist.xml; path = Info.plist; sourceTree = "<group>"; };
		273A66071A69C5F100A4DCAA /* AppDelegate.swift */ = {isa = PBXFileReference; lastKnownFileType = sourcecode.swift; path = AppDelegate.swift; sourceTree = "<group>"; };
		273A66091A69C5F100A4DCAA /* Images.xcassets */ = {isa = PBXFileReference; lastKnownFileType = folder.assetcatalog; path = Images.xcassets; sourceTree = "<group>"; };
		273A660C1A69C5F100A4DCAA /* Base */ = {isa = PBXFileReference; lastKnownFileType = file.xib; name = Base; path = Base.lproj/MainMenu.xib; sourceTree = "<group>"; };
		273A66121A69C5F100A4DCAA /* hatcheryAppTests.xctest */ = {isa = PBXFileReference; explicitFileType = wrapper.cfbundle; includeInIndex = 0; path = hatcheryAppTests.xctest; sourceTree = BUILT_PRODUCTS_DIR; };
		273A66171A69C5F100A4DCAA /* Info.plist */ = {isa = PBXFileReference; lastKnownFileType = text.plist.xml; path = Info.plist; sourceTree = "<group>"; };
		273A66181A69C5F100A4DCAA /* hatcheryAppTests.swift */ = {isa = PBXFileReference; lastKnownFileType = sourcecode.swift; path = hatcheryAppTests.swift; sourceTree = "<group>"; };
		273A66221A69C8A000A4DCAA /* hatched.png */ = {isa = PBXFileReference; lastKnownFileType = image.png; path = hatched.png; sourceTree = "<group>"; };
		273A66231A69C8A000A4DCAA /* hatched32.png */ = {isa = PBXFileReference; lastKnownFileType = image.png; path = hatched32.png; sourceTree = "<group>"; };
/* End PBXFileReference section */

/* Begin PBXFrameworksBuildPhase section */
		273A65FF1A69C5F000A4DCAA /* Frameworks */ = {
			isa = PBXFrameworksBuildPhase;
			buildActionMask = 2147483647;
			files = (
			);
			runOnlyForDeploymentPostprocessing = 0;
		};
		273A660F1A69C5F100A4DCAA /* Frameworks */ = {
			isa = PBXFrameworksBuildPhase;
			buildActionMask = 2147483647;
			files = (
			);
			runOnlyForDeploymentPostprocessing = 0;
		};
/* End PBXFrameworksBuildPhase section */

/* Begin PBXGroup section */
		273A65F91A69C5F000A4DCAA = {
			isa = PBXGroup;
			children = (
				273A66041A69C5F000A4DCAA /* hatcheryApp */,
				273A66151A69C5F100A4DCAA /* hatcheryAppTests */,
				273A66031A69C5F000A4DCAA /* Products */,
			);
			sourceTree = "<group>";
		};
		273A66031A69C5F000A4DCAA /* Products */ = {
			isa = PBXGroup;
			children = (
				273A66021A69C5F000A4DCAA /* hatcheryApp.app */,
				273A66121A69C5F100A4DCAA /* hatcheryAppTests.xctest */,
			);
			name = Products;
			sourceTree = "<group>";
		};
		273A66041A69C5F000A4DCAA /* hatcheryApp */ = {
			isa = PBXGroup;
			children = (
				273A66071A69C5F100A4DCAA /* AppDelegate.swift */,
				273A66091A69C5F100A4DCAA /* Images.xcassets */,
				273A66221A69C8A000A4DCAA /* hatched.png */,
				273A66231A69C8A000A4DCAA /* hatched32.png */,
				273A660B1A69C5F100A4DCAA /* MainMenu.xib */,
				273A66051A69C5F100A4DCAA /* Supporting Files */,
			);
			path = hatcheryApp;
			sourceTree = "<group>";
		};
		273A66051A69C5F100A4DCAA /* Supporting Files */ = {
			isa = PBXGroup;
			children = (
				273A66061A69C5F100A4DCAA /* Info.plist */,
			);
			name = "Supporting Files";
			sourceTree = "<group>";
		};
		273A66151A69C5F100A4DCAA /* hatcheryAppTests */ = {
			isa = PBXGroup;
			children = (
				273A66181A69C5F100A4DCAA /* hatcheryAppTests.swift */,
				273A66161A69C5F100A4DCAA /* Supporting Files */,
			);
			path = hatcheryAppTests;
			sourceTree = "<group>";
		};
		273A66161A69C5F100A4DCAA /* Supporting Files */ = {
			isa = PBXGroup;
			children = (
				273A66171A69C5F100A4DCAA /* Info.plist */,
			);
			name = "Supporting Files";
			sourceTree = "<group>";
		};
/* End PBXGroup section */

/* Begin PBXNativeTarget section */
		273A66011A69C5F000A4DCAA /* hatcheryApp */ = {
			isa = PBXNativeTarget;
			buildConfigurationList = 273A661C1A69C5F100A4DCAA /* Build configuration list for PBXNativeTarget "hatcheryApp" */;
			buildPhases = (
				273A65FE1A69C5F000A4DCAA /* Sources */,
				273A65FF1A69C5F000A4DCAA /* Frameworks */,
				273A66001A69C5F000A4DCAA /* Resources */,
			);
			buildRules = (
			);
			dependencies = (
			);
			name = hatcheryApp;
			productName = hatcheryApp;
			productReference = 273A66021A69C5F000A4DCAA /* hatcheryApp.app */;
			productType = "com.apple.product-type.application";
		};
		273A66111A69C5F100A4DCAA /* hatcheryAppTests */ = {
			isa = PBXNativeTarget;
			buildConfigurationList = 273A661F1A69C5F100A4DCAA /* Build configuration list for PBXNativeTarget "hatcheryAppTests" */;
			buildPhases = (
				273A660E1A69C5F100A4DCAA /* Sources */,
				273A660F1A69C5F100A4DCAA /* Frameworks */,
				273A66101A69C5F100A4DCAA /* Resources */,
			);
			buildRules = (
			);
			dependencies = (
				273A66141A69C5F100A4DCAA /* PBXTargetDependency */,
			);
			name = hatcheryAppTests;
			productName = hatcheryAppTests;
			productReference = 273A66121A69C5F100A4DCAA /* hatcheryAppTests.xctest */;
			productType = "com.apple.product-type.bundle.unit-test";
		};
/* End PBXNativeTarget section */

/* Begin PBXProject section */
		273A65FA1A69C5F000A4DCAA /* Project object */ = {
			isa = PBXProject;
			attributes = {
				LastUpgradeCheck = 0610;
				ORGANIZATIONNAME = "Kyle Billings";
				TargetAttributes = {
					273A66011A69C5F000A4DCAA = {
						CreatedOnToolsVersion = 6.1.1;
					};
					273A66111A69C5F100A4DCAA = {
						CreatedOnToolsVersion = 6.1.1;
						TestTargetID = 273A66011A69C5F000A4DCAA;
					};
				};
			};
			buildConfigurationList = 273A65FD1A69C5F000A4DCAA /* Build configuration list for PBXProject "hatcheryApp" */;
			compatibilityVersion = "Xcode 3.2";
			developmentRegion = English;
			hasScannedForEncodings = 0;
			knownRegions = (
				en,
				Base,
			);
			mainGroup = 273A65F91A69C5F000A4DCAA;
			productRefGroup = 273A66031A69C5F000A4DCAA /* Products */;
			projectDirPath = "";
			projectRoot = "";
			targets = (
				273A66011A69C5F000A4DCAA /* hatcheryApp */,
				273A66111A69C5F100A4DCAA /* hatcheryAppTests */,
			);
		};
/* End PBXProject section */

/* Begin PBXResourcesBuildPhase section */
		273A66001A69C5F000A4DCAA /* Resources */ = {
			isa = PBXResourcesBuildPhase;
			buildActionMask = 2147483647;
			files = (
				273A66241A69C8A000A4DCAA /* hatched.png in Resources */,
				273A660A1A69C5F100A4DCAA /* Images.xcassets in Resources */,
				273A66251A69C8A000A4DCAA /* hatched32.png in Resources */,
				273A660D1A69C5F100A4DCAA /* MainMenu.xib in Resources */,
			);
			runOnlyForDeploymentPostprocessing = 0;
		};
		273A66101A69C5F100A4DCAA /* Resources */ = {
			isa = PBXResourcesBuildPhase;
			buildActionMask = 2147483647;
			files = (
			);
			runOnlyForDeploymentPostprocessing = 0;
		};
/* End PBXResourcesBuildPhase section */

/* Begin PBXSourcesBuildPhase section */
		273A65FE1A69C5F000A4DCAA /* Sources */ = {
			isa = PBXSourcesBuildPhase;
			buildActionMask = 2147483647;
			files = (
				273A66081A69C5F100A4DCAA /* AppDelegate.swift in Sources */,
			);
			runOnlyForDeploymentPostprocessing = 0;
		};
		273A660E1A69C5F100A4DCAA /* Sources */ = {
			isa = PBXSourcesBuildPhase;
			buildActionMask = 2147483647;
			files = (
				273A66191A69C5F100A4DCAA /* hatcheryAppTests.swift in Sources */,
			);
			runOnlyForDeploymentPostprocessing = 0;
		};
/* End PBXSourcesBuildPhase section */

/* Begin PBXTargetDependency section */
		273A66141A69C5F100A4DCAA /* PBXTargetDependency */ = {
			isa = PBXTargetDependency;
			target = 273A66011A69C5F000A4DCAA /* hatcheryApp */;
			targetProxy = 273A66131A69C5F100A4DCAA /* PBXContainerItemProxy */;
		};
/* End PBXTargetDependency section */

/* Begin PBXVariantGroup section */
		273A660B1A69C5F100A4DCAA /* MainMenu.xib */ = {
			isa = PBXVariantGroup;
			children = (
				273A660C1A69C5F100A4DCAA /* Base */,
			);
			name = MainMenu.xib;
			sourceTree = "<group>";
		};
/* End PBXVariantGroup section */

/* Begin XCBuildConfiguration section */
		273A661A1A69C5F100A4DCAA /* Debug */ = {
			isa = XCBuildConfiguration;
			buildSettings = {
				ALWAYS_SEARCH_USER_PATHS = NO;
				CLANG_CXX_LANGUAGE_STANDARD = "gnu++0x";
				CLANG_CXX_LIBRARY = "libc++";
				CLANG_ENABLE_MODULES = YES;
				CLANG_ENABLE_OBJC_ARC = YES;
				CLANG_WARN_BOOL_CONVERSION = YES;
				CLANG_WARN_CONSTANT_CONVERSION = YES;
				CLANG_WARN_DIRECT_OBJC_ISA_USAGE = YES_ERROR;
				CLANG_WARN_EMPTY_BODY = YES;
				CLANG_WARN_ENUM_CONVERSION = YES;
				CLANG_WARN_INT_CONVERSION = YES;
				CLANG_WARN_OBJC_ROOT_CLASS = YES_ERROR;
				CLANG_WARN_UNREACHABLE_CODE = YES;
				CLANG_WARN__DUPLICATE_METHOD_MATCH = YES;
				CODE_SIGN_IDENTITY = "-";
				COPY_PHASE_STRIP = NO;
				ENABLE_STRICT_OBJC_MSGSEND = YES;
				GCC_C_LANGUAGE_STANDARD = gnu99;
				GCC_DYNAMIC_NO_PIC = NO;
				GCC_OPTIMIZATION_LEVEL = 0;
				GCC_PREPROCESSOR_DEFINITIONS = (
					"DEBUG=1",
					"$(inherited)",
				);
				GCC_SYMBOLS_PRIVATE_EXTERN = NO;
				GCC_WARN_64_TO_32_BIT_CONVERSION = YES;
				GCC_WARN_ABOUT_RETURN_TYPE = YES_ERROR;
				GCC_WARN_UNDECLARED_SELECTOR = YES;
				GCC_WARN_UNINITIALIZED_AUTOS = YES_AGGRESSIVE;
				GCC_WARN_UNUSED_FUNCTION = YES;
				GCC_WARN_UNUSED_VARIABLE = YES;
				MACOSX_DEPLOYMENT_TARGET = 10.10;
				MTL_ENABLE_DEBUG_INFO = YES;
				ONLY_ACTIVE_ARCH = YES;
				SDKROOT = macosx;
				SWIFT_OPTIMIZATION_LEVEL = "-Onone";
			};
			name = Debug;
		};
		273A661B1A69C5F100A4DCAA /* Release */ = {
			isa = XCBuildConfiguration;
			buildSettings = {
				ALWAYS_SEARCH_USER_PATHS = NO;
				CLANG_CXX_LANGUAGE_STANDARD = "gnu++0x";
				CLANG_CXX_LIBRARY = "libc++";
				CLANG_ENABLE_MODULES = YES;
				CLANG_ENABLE_OBJC_ARC = YES;
				CLANG_WARN_BOOL_CONVERSION = YES;
				CLANG_WARN_CONSTANT_CONVERSION = YES;
				CLANG_WARN_DIRECT_OBJC_ISA_USAGE = YES_ERROR;
				CLANG_WARN_EMPTY_BODY = YES;
				CLANG_WARN_ENUM_CONVERSION = YES;
				CLANG_WARN_INT_CONVERSION = YES;
				CLANG_WARN_OBJC_ROOT_CLASS = YES_ERROR;
				CLANG_WARN_UNREACHABLE_CODE = YES;
				CLANG_WARN__DUPLICATE_METHOD_MATCH = YES;
				CODE_SIGN_IDENTITY = "-";
				COPY_PHASE_STRIP = YES;
				DEBUG_INFORMATION_FORMAT = "dwarf-with-dsym";
				ENABLE_NS_ASSERTIONS = NO;
				ENABLE_STRICT_OBJC_MSGSEND = YES;
				GCC_C_LANGUAGE_STANDARD = gnu99;
				GCC_WARN_64_TO_32_BIT_CONVERSION = YES;
				GCC_WARN_ABOUT_RETURN_TYPE = YES_ERROR;
				GCC_WARN_UNDECLARED_SELECTOR = YES;
				GCC_WARN_UNINITIALIZED_AUTOS = YES_AGGRESSIVE;
				GCC_WARN_UNUSED_FUNCTION = YES;
				GCC_WARN_UNUSED_VARIABLE = YES;
				MACOSX_DEPLOYMENT_TARGET = 10.10;
				MTL_ENABLE_DEBUG_INFO = NO;
				SDKROOT = macosx;
			};
			name = Release;
		};
		273A661D1A69C5F100A4DCAA /* Debug */ = {
			isa = XCBuildConfiguration;
			buildSettings = {
				ASSETCATALOG_COMPILER_APPICON_NAME = AppIcon;
				COMBINE_HIDPI_IMAGES = YES;
				INFOPLIST_FILE = hatcheryApp/Info.plist;
				LD_RUNPATH_SEARCH_PATHS = "$(inherited) @executable_path/../Frameworks";
				PRODUCT_NAME = "$(TARGET_NAME)";
			};
			name = Debug;
		};
		273A661E1A69C5F100A4DCAA /* Release */ = {
			isa = XCBuildConfiguration;
			buildSettings = {
				ASSETCATALOG_COMPILER_APPICON_NAME = AppIcon;
				COMBINE_HIDPI_IMAGES = YES;
				INFOPLIST_FILE = hatcheryApp/Info.plist;
				LD_RUNPATH_SEARCH_PATHS = "$(inherited) @executable_path/../Frameworks";
				PRODUCT_NAME = "$(TARGET_NAME)";
			};
			name = Release;
		};
		273A66201A69C5F100A4DCAA /* Debug */ = {
			isa = XCBuildConfiguration;
			buildSettings = {
				BUNDLE_LOADER = "$(TEST_HOST)";
				COMBINE_HIDPI_IMAGES = YES;
				FRAMEWORK_SEARCH_PATHS = (
					"$(DEVELOPER_FRAMEWORKS_DIR)",
					"$(inherited)",
				);
				GCC_PREPROCESSOR_DEFINITIONS = (
					"DEBUG=1",
					"$(inherited)",
				);
				INFOPLIST_FILE = hatcheryAppTests/Info.plist;
				LD_RUNPATH_SEARCH_PATHS = "$(inherited) @executable_path/../Frameworks @loader_path/../Frameworks";
				PRODUCT_NAME = "$(TARGET_NAME)";
				TEST_HOST = "$(BUILT_PRODUCTS_DIR)/hatcheryApp.app/Contents/MacOS/hatcheryApp";
			};
			name = Debug;
		};
		273A66211A69C5F100A4DCAA /* Release */ = {
			isa = XCBuildConfiguration;
			buildSettings = {
				BUNDLE_LOADER = "$(TEST_HOST)";
				COMBINE_HIDPI_IMAGES = YES;
				FRAMEWORK_SEARCH_PATHS = (
					"$(DEVELOPER_FRAMEWORKS_DIR)",
					"$(inherited)",
				);
				INFOPLIST_FILE = hatcheryAppTests/Info.plist;
				LD_RUNPATH_SEARCH_PATHS = "$(inherited) @executable_path/../Frameworks @loader_path/../Frameworks";
				PRODUCT_NAME = "$(TARGET_NAME)";
				TEST_HOST = "$(BUILT_PRODUCTS_DIR)/hatcheryApp.app/Contents/MacOS/hatcheryApp";
			};
			name = Release;
		};
/* End XCBuildConfiguration section */

/* Begin XCConfigurationList section */
		273A65FD1A69C5F000A4DCAA /* Build configuration list for PBXProject "hatcheryApp" */ = {
			isa = XCConfigurationList;
			buildConfigurations = (
				273A661A1A69C5F100A4DCAA /* Debug */,
				273A661B1A69C5F100A4DCAA /* Release */,
			);
			defaultConfigurationIsVisible = 0;
			defaultConfigurationName = Release;
		};
		273A661C1A69C5F100A4DCAA /* Build configuration list for PBXNativeTarget "hatcheryApp" */ = {
			isa = XCConfigurationList;
			buildConfigurations = (
				273A661D1A69C5F100A4DCAA /* Debug */,
				273A661E1A69C5F100A4DCAA /* Release */,
			);
			defaultConfigurationIsVisible = 0;
		};
		273A661F1A69C5F100A4DCAA /* Build configuration list for PBXNativeTarget "hatcheryAppTests" */ = {
			isa = XCConfigurationList;
			buildConfigurations = (
				273A66201A69C5F100A4DCAA /* Debug */,
				273A66211A69C5F100A4DCAA /* Release */,
			);
			defaultConfigurationIsVisible = 0;
		};
/* End XCConfigurationList section */
	};
	rootObject = 273A65FA1A69C5F000A4DCAA /* Project object */;
}
